
Microsoft Visual Studio Solution File, Format Version 12.00
# Visual Studio Version 16
VisualStudioVersion = 16.0.31515.178
MinimumVisualStudioVersion = 10.0.40219.1
Project("{9A19103F-16F7-4668-BE54-9A1E7A4F7556}") = "AppDirectorioWeb", "AppDirectorioWeb\AppDirectorioWeb.csproj", "{7932181E-E612-4AF1-8D85-F85FBAA68635}"
EndProject
Project("{2150E333-8FDC-42A3-9474-1A3956D46DE8}") = "WEBAPP", "WEBAPP", "{26DB5C12-AD5D-4963-BE67-283EB2AA284E}"
EndProject
Project("{9A19103F-16F7-4668-BE54-9A1E7A4F7556}") = "DataAccess", "DataAccess\DataAccess.csproj", "{FFA0D40D-DC8F-4412-BE29-97BCDE09DE83}"
EndProject
Project("{9A19103F-16F7-4668-BE54-9A1E7A4F7556}") = "Models", "Models\Models.csproj", "{D36D5804-FA22-4BE5-AF1A-5CB26AB4B528}"
EndProject
Project("{00D1A9C2-B5F0-4AF3-8072-F6C62B433612}") = "DirectorioOnlineCoreDb", "DirectorioOnlineCoreDb\DirectorioOnlineCoreDb.sqlproj", "{899DDBEF-FD7F-44EE-93BB-F36ED74AB98A}"
EndProject
Global
	GlobalSection(SolutionConfigurationPlatforms) = preSolution
		Debug|Any CPU = Debug|Any CPU
		Release|Any CPU = Release|Any CPU
	EndGlobalSection
	GlobalSection(ProjectConfigurationPlatforms) = postSolution
		{7932181E-E612-4AF1-8D85-F85FBAA68635}.Debug|Any CPU.ActiveCfg = Debug|Any CPU
		{7932181E-E612-4AF1-8D85-F85FBAA68635}.Debug|Any CPU.Build.0 = Debug|Any CPU
		{7932181E-E612-4AF1-8D85-F85FBAA68635}.Release|Any CPU.ActiveCfg = Release|Any CPU
		{7932181E-E612-4AF1-8D85-F85FBAA68635}.Release|Any CPU.Build.0 = Release|Any CPU
		{FFA0D40D-DC8F-4412-BE29-97BCDE09DE83}.Debug|Any CPU.ActiveCfg = Debug|Any CPU
		{FFA0D40D-DC8F-4412-BE29-97BCDE09DE83}.Debug|Any CPU.Build.0 = Debug|Any CPU
		{FFA0D40D-DC8F-4412-BE29-97BCDE09DE83}.Release|Any CPU.ActiveCfg = Release|Any CPU
		{FFA0D40D-DC8F-4412-BE29-97BCDE09DE83}.Release|Any CPU.Build.0 = Release|Any CPU
		{D36D5804-FA22-4BE5-AF1A-5CB26AB4B528}.Debug|Any CPU.ActiveCfg = Debug|Any CPU
		{D36D5804-FA22-4BE5-AF1A-5CB26AB4B528}.Debug|Any CPU.Build.0 = Debug|Any CPU
		{D36D5804-FA22-4BE5-AF1A-5CB26AB4B528}.Release|Any CPU.ActiveCfg = Release|Any CPU
		{D36D5804-FA22-4BE5-AF1A-5CB26AB4B528}.Release|Any CPU.Build.0 = Release|Any CPU
		{899DDBEF-FD7F-44EE-93BB-F36ED74AB98A}.Debug|Any CPU.ActiveCfg = Debug|Any CPU
		{899DDBEF-FD7F-44EE-93BB-F36ED74AB98A}.Debug|Any CPU.Build.0 = Debug|Any CPU
		{899DDBEF-FD7F-44EE-93BB-F36ED74AB98A}.Debug|Any CPU.Deploy.0 = Debug|Any CPU
		{899DDBEF-FD7F-44EE-93BB-F36ED74AB98A}.Release|Any CPU.ActiveCfg = Release|Any CPU
		{899DDBEF-FD7F-44EE-93BB-F36ED74AB98A}.Release|Any CPU.Build.0 = Release|Any CPU
		{899DDBEF-FD7F-44EE-93BB-F36ED74AB98A}.Release|Any CPU.Deploy.0 = Release|Any CPU
	EndGlobalSection
	GlobalSection(SolutionProperties) = preSolution
		HideSolutionNode = FALSE
	EndGlobalSection
	GlobalSection(NestedProjects) = preSolution
		{7932181E-E612-4AF1-8D85-F85FBAA68635} = {26DB5C12-AD5D-4963-BE67-283EB2AA284E}
	EndGlobalSection
	GlobalSection(ExtensibilityGlobals) = postSolution
		SolutionGuid = {950892FB-CEDE-4EBF-9C77-D9E98EF4F38B}
	EndGlobalSection
EndGlobal
