
Microsoft Visual Studio Solution File, Format Version 12.00
# Visual Studio Version 16
VisualStudioVersion = 16.0.31515.178
MinimumVisualStudioVersion = 10.0.40219.1
Project("{9A19103F-16F7-4668-BE54-9A1E7A4F7556}") = "AppDirectorioWeb", "AppDirectorioWeb\AppDirectorioWeb.csproj", "{7932181E-E612-4AF1-8D85-F85FBAA68635}"
EndProject
Project("{2150E333-8FDC-42A3-9474-1A3956D46DE8}") = "WEBAPP", "WEBAPP", "{26DB5C12-AD5D-4963-BE67-283EB2AA284E}"
EndProject
Project("{2150E333-8FDC-42A3-9474-1A3956D46DE8}") = "API", "API", "{908D2537-82D9-43B4-B890-8BD4AB8CA450}"
EndProject
Project("{9A19103F-16F7-4668-BE54-9A1E7A4F7556}") = "APIDirectorio", "APIDirectorio\APIDirectorio.csproj", "{EDE46DDB-5B23-4756-AEC1-BF2454D3574D}"
EndProject
Project("{9A19103F-16F7-4668-BE54-9A1E7A4F7556}") = "BL", "BL\BL.csproj", "{6C9EC429-D78C-4ADE-97A1-830D5327A42C}"
EndProject
Project("{FAE04EC0-301F-11D3-BF4B-00C04F79EFBC}") = "DAL", "DAL\DAL.csproj", "{06FB35A1-4D92-447F-9B57-C81B299FB8A6}"
EndProject
Global
	GlobalSection(SolutionConfigurationPlatforms) = preSolution
		Debug|Any CPU = Debug|Any CPU
		Release|Any CPU = Release|Any CPU
	EndGlobalSection
	GlobalSection(ProjectConfigurationPlatforms) = postSolution
		{7932181E-E612-4AF1-8D85-F85FBAA68635}.Debug|Any CPU.ActiveCfg = Debug|Any CPU
		{7932181E-E612-4AF1-8D85-F85FBAA68635}.Debug|Any CPU.Build.0 = Debug|Any CPU
		{7932181E-E612-4AF1-8D85-F85FBAA68635}.Release|Any CPU.ActiveCfg = Release|Any CPU
		{7932181E-E612-4AF1-8D85-F85FBAA68635}.Release|Any CPU.Build.0 = Release|Any CPU
		{EDE46DDB-5B23-4756-AEC1-BF2454D3574D}.Debug|Any CPU.ActiveCfg = Debug|Any CPU
		{EDE46DDB-5B23-4756-AEC1-BF2454D3574D}.Debug|Any CPU.Build.0 = Debug|Any CPU
		{EDE46DDB-5B23-4756-AEC1-BF2454D3574D}.Release|Any CPU.ActiveCfg = Release|Any CPU
		{EDE46DDB-5B23-4756-AEC1-BF2454D3574D}.Release|Any CPU.Build.0 = Release|Any CPU
		{6C9EC429-D78C-4ADE-97A1-830D5327A42C}.Debug|Any CPU.ActiveCfg = Debug|Any CPU
		{6C9EC429-D78C-4ADE-97A1-830D5327A42C}.Debug|Any CPU.Build.0 = Debug|Any CPU
		{6C9EC429-D78C-4ADE-97A1-830D5327A42C}.Release|Any CPU.ActiveCfg = Release|Any CPU
		{6C9EC429-D78C-4ADE-97A1-830D5327A42C}.Release|Any CPU.Build.0 = Release|Any CPU
		{06FB35A1-4D92-447F-9B57-C81B299FB8A6}.Debug|Any CPU.ActiveCfg = Debug|Any CPU
		{06FB35A1-4D92-447F-9B57-C81B299FB8A6}.Debug|Any CPU.Build.0 = Debug|Any CPU
		{06FB35A1-4D92-447F-9B57-C81B299FB8A6}.Release|Any CPU.ActiveCfg = Release|Any CPU
		{06FB35A1-4D92-447F-9B57-C81B299FB8A6}.Release|Any CPU.Build.0 = Release|Any CPU
	EndGlobalSection
	GlobalSection(SolutionProperties) = preSolution
		HideSolutionNode = FALSE
	EndGlobalSection
	GlobalSection(NestedProjects) = preSolution
		{7932181E-E612-4AF1-8D85-F85FBAA68635} = {26DB5C12-AD5D-4963-BE67-283EB2AA284E}
		{EDE46DDB-5B23-4756-AEC1-BF2454D3574D} = {908D2537-82D9-43B4-B890-8BD4AB8CA450}
		{6C9EC429-D78C-4ADE-97A1-830D5327A42C} = {908D2537-82D9-43B4-B890-8BD4AB8CA450}
		{06FB35A1-4D92-447F-9B57-C81B299FB8A6} = {908D2537-82D9-43B4-B890-8BD4AB8CA450}
	EndGlobalSection
	GlobalSection(ExtensibilityGlobals) = postSolution
		SolutionGuid = {950892FB-CEDE-4EBF-9C77-D9E98EF4F38B}
	EndGlobalSection
EndGlobal
