
Microsoft Visual Studio Solution File, Format Version 12.00
# Visual Studio Version 16
VisualStudioVersion = 16.0.31515.178
MinimumVisualStudioVersion = 10.0.40219.1
Project("{9A19103F-16F7-4668-BE54-9A1E7A4F7556}") = "AppDirectorioWeb", "AppDirectorioWeb\AppDirectorioWeb.csproj", "{7932181E-E612-4AF1-8D85-F85FBAA68635}"
EndProject
Project("{2150E333-8FDC-42A3-9474-1A3956D46DE8}") = "WEBAPP", "WEBAPP", "{26DB5C12-AD5D-4963-BE67-283EB2AA284E}"
EndProject
Project("{2150E333-8FDC-42A3-9474-1A3956D46DE8}") = "API", "API", "{908D2537-82D9-43B4-B890-8BD4AB8CA450}"
EndProject
Project("{FAE04EC0-301F-11D3-BF4B-00C04F79EFBC}") = "Models", "Models\Models.csproj", "{D0F67216-F912-4ED9-B453-C7691BDBB46D}"
EndProject
Project("{FAE04EC0-301F-11D3-BF4B-00C04F79EFBC}") = "Data", "Data\Data.csproj", "{60DED3CD-CA62-469E-ABD7-EFD8F8E74BE7}"
EndProject
Project("{FAE04EC0-301F-11D3-BF4B-00C04F79EFBC}") = "APIDirectorioWEB", "APIDirectorioWEB\APIDirectorioWEB.csproj", "{749C5506-C84F-410A-986D-451407F65DD8}"
EndProject
Global
	GlobalSection(SolutionConfigurationPlatforms) = preSolution
		Debug|Any CPU = Debug|Any CPU
		Release|Any CPU = Release|Any CPU
	EndGlobalSection
	GlobalSection(ProjectConfigurationPlatforms) = postSolution
		{7932181E-E612-4AF1-8D85-F85FBAA68635}.Debug|Any CPU.ActiveCfg = Debug|Any CPU
		{7932181E-E612-4AF1-8D85-F85FBAA68635}.Debug|Any CPU.Build.0 = Debug|Any CPU
		{7932181E-E612-4AF1-8D85-F85FBAA68635}.Release|Any CPU.ActiveCfg = Release|Any CPU
		{7932181E-E612-4AF1-8D85-F85FBAA68635}.Release|Any CPU.Build.0 = Release|Any CPU
		{D0F67216-F912-4ED9-B453-C7691BDBB46D}.Debug|Any CPU.ActiveCfg = Debug|Any CPU
		{D0F67216-F912-4ED9-B453-C7691BDBB46D}.Debug|Any CPU.Build.0 = Debug|Any CPU
		{D0F67216-F912-4ED9-B453-C7691BDBB46D}.Release|Any CPU.ActiveCfg = Release|Any CPU
		{D0F67216-F912-4ED9-B453-C7691BDBB46D}.Release|Any CPU.Build.0 = Release|Any CPU
		{60DED3CD-CA62-469E-ABD7-EFD8F8E74BE7}.Debug|Any CPU.ActiveCfg = Debug|Any CPU
		{60DED3CD-CA62-469E-ABD7-EFD8F8E74BE7}.Debug|Any CPU.Build.0 = Debug|Any CPU
		{60DED3CD-CA62-469E-ABD7-EFD8F8E74BE7}.Release|Any CPU.ActiveCfg = Release|Any CPU
		{60DED3CD-CA62-469E-ABD7-EFD8F8E74BE7}.Release|Any CPU.Build.0 = Release|Any CPU
		{749C5506-C84F-410A-986D-451407F65DD8}.Debug|Any CPU.ActiveCfg = Debug|Any CPU
		{749C5506-C84F-410A-986D-451407F65DD8}.Debug|Any CPU.Build.0 = Debug|Any CPU
		{749C5506-C84F-410A-986D-451407F65DD8}.Release|Any CPU.ActiveCfg = Release|Any CPU
		{749C5506-C84F-410A-986D-451407F65DD8}.Release|Any CPU.Build.0 = Release|Any CPU
	EndGlobalSection
	GlobalSection(SolutionProperties) = preSolution
		HideSolutionNode = FALSE
	EndGlobalSection
	GlobalSection(NestedProjects) = preSolution
		{7932181E-E612-4AF1-8D85-F85FBAA68635} = {26DB5C12-AD5D-4963-BE67-283EB2AA284E}
		{D0F67216-F912-4ED9-B453-C7691BDBB46D} = {908D2537-82D9-43B4-B890-8BD4AB8CA450}
		{60DED3CD-CA62-469E-ABD7-EFD8F8E74BE7} = {908D2537-82D9-43B4-B890-8BD4AB8CA450}
		{749C5506-C84F-410A-986D-451407F65DD8} = {908D2537-82D9-43B4-B890-8BD4AB8CA450}
	EndGlobalSection
	GlobalSection(ExtensibilityGlobals) = postSolution
		SolutionGuid = {950892FB-CEDE-4EBF-9C77-D9E98EF4F38B}
	EndGlobalSection
EndGlobal
